
Microsoft Visual Studio Solution File, Format Version 12.00
# Visual Studio Version 17
VisualStudioVersion = 17.0.31612.314
MinimumVisualStudioVersion = 10.0.40219.1
Project("{9A19103F-16F7-4668-BE54-9A1E7A4F7556}") = "Spp1", "Spp1\Spp1.csproj", "{3B64737B-1DA9-4145-85B3-00D648A90FAE}"
EndProject
Project("{FAE04EC0-301F-11D3-BF4B-00C04F79EFBC}") = "SPPMarshalling", "SPPMarshalling\SPPMarshalling.csproj", "{35527719-785D-4282-A8E2-9E0DC1A1E752}"
EndProject
Global
	GlobalSection(SolutionConfigurationPlatforms) = preSolution
		Debug|Any CPU = Debug|Any CPU
		Release|Any CPU = Release|Any CPU
	EndGlobalSection
	GlobalSection(ProjectConfigurationPlatforms) = postSolution
		{3B64737B-1DA9-4145-85B3-00D648A90FAE}.Debug|Any CPU.ActiveCfg = Debug|Any CPU
		{3B64737B-1DA9-4145-85B3-00D648A90FAE}.Debug|Any CPU.Build.0 = Debug|Any CPU
		{3B64737B-1DA9-4145-85B3-00D648A90FAE}.Release|Any CPU.ActiveCfg = Release|Any CPU
		{3B64737B-1DA9-4145-85B3-00D648A90FAE}.Release|Any CPU.Build.0 = Release|Any CPU
		{35527719-785D-4282-A8E2-9E0DC1A1E752}.Debug|Any CPU.ActiveCfg = Debug|Any CPU
		{35527719-785D-4282-A8E2-9E0DC1A1E752}.Debug|Any CPU.Build.0 = Debug|Any CPU
		{35527719-785D-4282-A8E2-9E0DC1A1E752}.Release|Any CPU.ActiveCfg = Release|Any CPU
		{35527719-785D-4282-A8E2-9E0DC1A1E752}.Release|Any CPU.Build.0 = Release|Any CPU
	EndGlobalSection
	GlobalSection(SolutionProperties) = preSolution
		HideSolutionNode = FALSE
	EndGlobalSection
	GlobalSection(ExtensibilityGlobals) = postSolution
		SolutionGuid = {DEBB0C4F-34F3-46DE-971B-A10EE3DA87C8}
	EndGlobalSection
EndGlobal
